// !$*UTF8*$!
{
	archiveVersion = 1;
	classes = {
	};
	objectVersion = 51;
	objects = {

/* Begin PBXBuildFile section */
		0EC4B144236E7AEC009B91AD /* Alert.swift in Sources */ = {isa = PBXBuildFile; fileRef = 0EC4B143236E7AEC009B91AD /* Alert.swift */; };
		0EC4B146236E891C009B91AD /* NetworkLogger.swift in Sources */ = {isa = PBXBuildFile; fileRef = 0EC4B145236E891C009B91AD /* NetworkLogger.swift */; };
		0EC4B14E236F3524009B91AD /* MarsPhotoCollectionDetailVC.swift in Sources */ = {isa = PBXBuildFile; fileRef = 0EC4B14D236F3524009B91AD /* MarsPhotoCollectionDetailVC.swift */; };
		0EC4B151236F5F78009B91AD /* ImageDownloader.swift in Sources */ = {isa = PBXBuildFile; fileRef = 0EC4B150236F5F77009B91AD /* ImageDownloader.swift */; };
		0EC4B153236F627D009B91AD /* MarsDetailPhotoView.swift in Sources */ = {isa = PBXBuildFile; fileRef = 0EC4B152236F627D009B91AD /* MarsDetailPhotoView.swift */; };
		0EC4B155236F6567009B91AD /* MarsDetailPhotoViewModel.swift in Sources */ = {isa = PBXBuildFile; fileRef = 0EC4B154236F6567009B91AD /* MarsDetailPhotoViewModel.swift */; };
		0EC4B157236F8046009B91AD /* Camera.swift in Sources */ = {isa = PBXBuildFile; fileRef = 0EC4B156236F8046009B91AD /* Camera.swift */; };
		0EC4B159236F804B009B91AD /* Rover.swift in Sources */ = {isa = PBXBuildFile; fileRef = 0EC4B158236F804B009B91AD /* Rover.swift */; };
		0EC4B15B236F83FE009B91AD /* RoverSearchOptionsVC.swift in Sources */ = {isa = PBXBuildFile; fileRef = 0EC4B15A236F83FE009B91AD /* RoverSearchOptionsVC.swift */; };
		0EC4B15D23707209009B91AD /* UIViewController+Extensions.swift in Sources */ = {isa = PBXBuildFile; fileRef = 0EC4B15C23707209009B91AD /* UIViewController+Extensions.swift */; };
		0EC4B15F2370725D009B91AD /* RoverSearchOptionsView.swift in Sources */ = {isa = PBXBuildFile; fileRef = 0EC4B15E2370725C009B91AD /* RoverSearchOptionsView.swift */; };
		0EC4B16123707E21009B91AD /* Constants.swift in Sources */ = {isa = PBXBuildFile; fileRef = 0EC4B16023707E21009B91AD /* Constants.swift */; };
		0EC4B163237083C7009B91AD /* MarsPhotoCollectionView.swift in Sources */ = {isa = PBXBuildFile; fileRef = 0EC4B162237083C7009B91AD /* MarsPhotoCollectionView.swift */; };
		0EC4B2072370F58A009B91AD /* RoverImageDataTests.swift in Sources */ = {isa = PBXBuildFile; fileRef = 0EC4B2012370F58A009B91AD /* RoverImageDataTests.swift */; };
		0EC4B2082370F58A009B91AD /* NetworkTests.swift in Sources */ = {isa = PBXBuildFile; fileRef = 0EC4B2022370F58A009B91AD /* NetworkTests.swift */; };
		0EC4B2092370F58A009B91AD /* MarsDetailPhotoViewModelTests.swift in Sources */ = {isa = PBXBuildFile; fileRef = 0EC4B2032370F58A009B91AD /* MarsDetailPhotoViewModelTests.swift */; };
		0EC4B20B2370F58A009B91AD /* MarsPhotoCollectionVCTests.swift in Sources */ = {isa = PBXBuildFile; fileRef = 0EC4B2052370F58A009B91AD /* MarsPhotoCollectionVCTests.swift */; };
		0ECB6A35236A3C9C00F2FFA6 /* AppDelegate.swift in Sources */ = {isa = PBXBuildFile; fileRef = 0ECB6A34236A3C9C00F2FFA6 /* AppDelegate.swift */; };
		0ECB6A37236A3C9C00F2FFA6 /* MarsPhotoCollectionVC.swift in Sources */ = {isa = PBXBuildFile; fileRef = 0ECB6A36236A3C9C00F2FFA6 /* MarsPhotoCollectionVC.swift */; };
		0ECB6A3A236A3C9C00F2FFA6 /* Main.storyboard in Resources */ = {isa = PBXBuildFile; fileRef = 0ECB6A38236A3C9C00F2FFA6 /* Main.storyboard */; };
		0ECB6A3C236A3C9E00F2FFA6 /* Assets.xcassets in Resources */ = {isa = PBXBuildFile; fileRef = 0ECB6A3B236A3C9E00F2FFA6 /* Assets.xcassets */; };
		0ECB6A3F236A3C9E00F2FFA6 /* LaunchScreen.storyboard in Resources */ = {isa = PBXBuildFile; fileRef = 0ECB6A3D236A3C9E00F2FFA6 /* LaunchScreen.storyboard */; };
		0ECB6A65236A43C800F2FFA6 /* RoverImageData.swift in Sources */ = {isa = PBXBuildFile; fileRef = 0ECB6A64236A43C800F2FFA6 /* RoverImageData.swift */; };
		0ECB6A67236A590D00F2FFA6 /* MarsPhotoCollectionViewCell.swift in Sources */ = {isa = PBXBuildFile; fileRef = 0ECB6A66236A590D00F2FFA6 /* MarsPhotoCollectionViewCell.swift */; };
		0ECB6A69236A596500F2FFA6 /* UIView+Extensions.swift in Sources */ = {isa = PBXBuildFile; fileRef = 0ECB6A68236A596500F2FFA6 /* UIView+Extensions.swift */; };
		0ECB6A6B236A5A4300F2FFA6 /* Reusable.swift in Sources */ = {isa = PBXBuildFile; fileRef = 0ECB6A6A236A5A4300F2FFA6 /* Reusable.swift */; };
		0ECB6AD8236E541400F2FFA6 /* ParameterEncoding.swift in Sources */ = {isa = PBXBuildFile; fileRef = 0ECB6AC9236E541300F2FFA6 /* ParameterEncoding.swift */; };
		0ECB6AD9236E541400F2FFA6 /* URLParameterEncoding.swift in Sources */ = {isa = PBXBuildFile; fileRef = 0ECB6ACA236E541300F2FFA6 /* URLParameterEncoding.swift */; };
		0ECB6ADA236E541400F2FFA6 /* JSONParameterEncoder.swift in Sources */ = {isa = PBXBuildFile; fileRef = 0ECB6ACB236E541300F2FFA6 /* JSONParameterEncoder.swift */; };
		0ECB6ADB236E541400F2FFA6 /* NetworkManager.swift in Sources */ = {isa = PBXBuildFile; fileRef = 0ECB6ACD236E541300F2FFA6 /* NetworkManager.swift */; };
		0ECB6ADC236E541400F2FFA6 /* MarsRoverEndPoint.swift in Sources */ = {isa = PBXBuildFile; fileRef = 0ECB6ACF236E541300F2FFA6 /* MarsRoverEndPoint.swift */; };
		0ECB6ADD236E541400F2FFA6 /* NetworkROUTER.swift in Sources */ = {isa = PBXBuildFile; fileRef = 0ECB6AD1236E541300F2FFA6 /* NetworkROUTER.swift */; };
		0ECB6ADE236E541400F2FFA6 /* HTTPTask.swift in Sources */ = {isa = PBXBuildFile; fileRef = 0ECB6AD2236E541300F2FFA6 /* HTTPTask.swift */; };
		0ECB6ADF236E541400F2FFA6 /* HTTPMethod.swift in Sources */ = {isa = PBXBuildFile; fileRef = 0ECB6AD3236E541300F2FFA6 /* HTTPMethod.swift */; };
		0ECB6AE0236E541400F2FFA6 /* DataResponseError.swift in Sources */ = {isa = PBXBuildFile; fileRef = 0ECB6AD4236E541400F2FFA6 /* DataResponseError.swift */; };
		0ECB6AE1236E541400F2FFA6 /* Router.swift in Sources */ = {isa = PBXBuildFile; fileRef = 0ECB6AD5236E541400F2FFA6 /* Router.swift */; };
		0ECB6AE2236E541400F2FFA6 /* HTTPUrlResponse.swift in Sources */ = {isa = PBXBuildFile; fileRef = 0ECB6AD6236E541400F2FFA6 /* HTTPUrlResponse.swift */; };
		0ECB6AE3236E541400F2FFA6 /* EndPointType.swift in Sources */ = {isa = PBXBuildFile; fileRef = 0ECB6AD7236E541400F2FFA6 /* EndPointType.swift */; };
		6CBC6D4F17334840975477E6 /* Pods_MarsRoversFloSportsCodingAssn.framework in Frameworks */ = {isa = PBXBuildFile; fileRef = FB720998788A11DD1A88A2F8 /* Pods_MarsRoversFloSportsCodingAssn.framework */; };
		F0E8673A5B5C04BF58C46102 /* Pods_MarsRoversFloSportsCodingAssnTests.framework in Frameworks */ = {isa = PBXBuildFile; fileRef = D0C5BF7CB8E22550F1868BEF /* Pods_MarsRoversFloSportsCodingAssnTests.framework */; };
/* End PBXBuildFile section */

/* Begin PBXContainerItemProxy section */
		0ECB6A46236A3C9F00F2FFA6 /* PBXContainerItemProxy */ = {
			isa = PBXContainerItemProxy;
			containerPortal = 0ECB6A29236A3C9C00F2FFA6 /* Project object */;
			proxyType = 1;
			remoteGlobalIDString = 0ECB6A30236A3C9C00F2FFA6;
			remoteInfo = MarsRoversFloSportsCodingAssn;
		};
/* End PBXContainerItemProxy section */

/* Begin PBXFileReference section */
		0EC4B143236E7AEC009B91AD /* Alert.swift */ = {isa = PBXFileReference; lastKnownFileType = sourcecode.swift; path = Alert.swift; sourceTree = "<group>"; };
		0EC4B145236E891C009B91AD /* NetworkLogger.swift */ = {isa = PBXFileReference; fileEncoding = 4; lastKnownFileType = sourcecode.swift; path = NetworkLogger.swift; sourceTree = "<group>"; };
		0EC4B14D236F3524009B91AD /* MarsPhotoCollectionDetailVC.swift */ = {isa = PBXFileReference; lastKnownFileType = sourcecode.swift; path = MarsPhotoCollectionDetailVC.swift; sourceTree = "<group>"; };
		0EC4B150236F5F77009B91AD /* ImageDownloader.swift */ = {isa = PBXFileReference; lastKnownFileType = sourcecode.swift; path = ImageDownloader.swift; sourceTree = "<group>"; };
		0EC4B152236F627D009B91AD /* MarsDetailPhotoView.swift */ = {isa = PBXFileReference; lastKnownFileType = sourcecode.swift; path = MarsDetailPhotoView.swift; sourceTree = "<group>"; };
		0EC4B154236F6567009B91AD /* MarsDetailPhotoViewModel.swift */ = {isa = PBXFileReference; lastKnownFileType = sourcecode.swift; path = MarsDetailPhotoViewModel.swift; sourceTree = "<group>"; };
		0EC4B156236F8046009B91AD /* Camera.swift */ = {isa = PBXFileReference; lastKnownFileType = sourcecode.swift; path = Camera.swift; sourceTree = "<group>"; };
		0EC4B158236F804B009B91AD /* Rover.swift */ = {isa = PBXFileReference; lastKnownFileType = sourcecode.swift; path = Rover.swift; sourceTree = "<group>"; };
		0EC4B15A236F83FE009B91AD /* RoverSearchOptionsVC.swift */ = {isa = PBXFileReference; lastKnownFileType = sourcecode.swift; path = RoverSearchOptionsVC.swift; sourceTree = "<group>"; };
		0EC4B15C23707209009B91AD /* UIViewController+Extensions.swift */ = {isa = PBXFileReference; lastKnownFileType = sourcecode.swift; path = "UIViewController+Extensions.swift"; sourceTree = "<group>"; };
		0EC4B15E2370725C009B91AD /* RoverSearchOptionsView.swift */ = {isa = PBXFileReference; lastKnownFileType = sourcecode.swift; path = RoverSearchOptionsView.swift; sourceTree = "<group>"; };
		0EC4B16023707E21009B91AD /* Constants.swift */ = {isa = PBXFileReference; lastKnownFileType = sourcecode.swift; path = Constants.swift; sourceTree = "<group>"; };
		0EC4B162237083C7009B91AD /* MarsPhotoCollectionView.swift */ = {isa = PBXFileReference; lastKnownFileType = sourcecode.swift; path = MarsPhotoCollectionView.swift; sourceTree = "<group>"; };
		0EC4B2012370F58A009B91AD /* RoverImageDataTests.swift */ = {isa = PBXFileReference; fileEncoding = 4; lastKnownFileType = sourcecode.swift; path = RoverImageDataTests.swift; sourceTree = "<group>"; };
		0EC4B2022370F58A009B91AD /* NetworkTests.swift */ = {isa = PBXFileReference; fileEncoding = 4; lastKnownFileType = sourcecode.swift; path = NetworkTests.swift; sourceTree = "<group>"; };
		0EC4B2032370F58A009B91AD /* MarsDetailPhotoViewModelTests.swift */ = {isa = PBXFileReference; fileEncoding = 4; lastKnownFileType = sourcecode.swift; path = MarsDetailPhotoViewModelTests.swift; sourceTree = "<group>"; };
		0EC4B2052370F58A009B91AD /* MarsPhotoCollectionVCTests.swift */ = {isa = PBXFileReference; fileEncoding = 4; lastKnownFileType = sourcecode.swift; path = MarsPhotoCollectionVCTests.swift; sourceTree = "<group>"; };
		0ECB6A31236A3C9C00F2FFA6 /* MarsRoversFloSportsCodingAssn.app */ = {isa = PBXFileReference; explicitFileType = wrapper.application; includeInIndex = 0; path = MarsRoversFloSportsCodingAssn.app; sourceTree = BUILT_PRODUCTS_DIR; };
		0ECB6A34236A3C9C00F2FFA6 /* AppDelegate.swift */ = {isa = PBXFileReference; lastKnownFileType = sourcecode.swift; path = AppDelegate.swift; sourceTree = "<group>"; };
		0ECB6A36236A3C9C00F2FFA6 /* MarsPhotoCollectionVC.swift */ = {isa = PBXFileReference; lastKnownFileType = sourcecode.swift; path = MarsPhotoCollectionVC.swift; sourceTree = "<group>"; };
		0ECB6A39236A3C9C00F2FFA6 /* Base */ = {isa = PBXFileReference; lastKnownFileType = file.storyboard; name = Base; path = Base.lproj/Main.storyboard; sourceTree = "<group>"; };
		0ECB6A3B236A3C9E00F2FFA6 /* Assets.xcassets */ = {isa = PBXFileReference; lastKnownFileType = folder.assetcatalog; path = Assets.xcassets; sourceTree = "<group>"; };
		0ECB6A3E236A3C9E00F2FFA6 /* Base */ = {isa = PBXFileReference; lastKnownFileType = file.storyboard; name = Base; path = Base.lproj/LaunchScreen.storyboard; sourceTree = "<group>"; };
		0ECB6A40236A3C9E00F2FFA6 /* Info.plist */ = {isa = PBXFileReference; lastKnownFileType = text.plist.xml; path = Info.plist; sourceTree = "<group>"; };
		0ECB6A45236A3C9F00F2FFA6 /* MarsRoversFloSportsCodingAssnTests.xctest */ = {isa = PBXFileReference; explicitFileType = wrapper.cfbundle; includeInIndex = 0; path = MarsRoversFloSportsCodingAssnTests.xctest; sourceTree = BUILT_PRODUCTS_DIR; };
		0ECB6A4B236A3C9F00F2FFA6 /* Info.plist */ = {isa = PBXFileReference; lastKnownFileType = text.plist.xml; path = Info.plist; sourceTree = "<group>"; };
		0ECB6A64236A43C800F2FFA6 /* RoverImageData.swift */ = {isa = PBXFileReference; lastKnownFileType = sourcecode.swift; path = RoverImageData.swift; sourceTree = "<group>"; };
		0ECB6A66236A590D00F2FFA6 /* MarsPhotoCollectionViewCell.swift */ = {isa = PBXFileReference; lastKnownFileType = sourcecode.swift; path = MarsPhotoCollectionViewCell.swift; sourceTree = "<group>"; };
		0ECB6A68236A596500F2FFA6 /* UIView+Extensions.swift */ = {isa = PBXFileReference; lastKnownFileType = sourcecode.swift; path = "UIView+Extensions.swift"; sourceTree = "<group>"; };
		0ECB6A6A236A5A4300F2FFA6 /* Reusable.swift */ = {isa = PBXFileReference; lastKnownFileType = sourcecode.swift; path = Reusable.swift; sourceTree = "<group>"; };
		0ECB6AC9236E541300F2FFA6 /* ParameterEncoding.swift */ = {isa = PBXFileReference; fileEncoding = 4; lastKnownFileType = sourcecode.swift; path = ParameterEncoding.swift; sourceTree = "<group>"; };
		0ECB6ACA236E541300F2FFA6 /* URLParameterEncoding.swift */ = {isa = PBXFileReference; fileEncoding = 4; lastKnownFileType = sourcecode.swift; path = URLParameterEncoding.swift; sourceTree = "<group>"; };
		0ECB6ACB236E541300F2FFA6 /* JSONParameterEncoder.swift */ = {isa = PBXFileReference; fileEncoding = 4; lastKnownFileType = sourcecode.swift; path = JSONParameterEncoder.swift; sourceTree = "<group>"; };
		0ECB6ACD236E541300F2FFA6 /* NetworkManager.swift */ = {isa = PBXFileReference; fileEncoding = 4; lastKnownFileType = sourcecode.swift; path = NetworkManager.swift; sourceTree = "<group>"; };
		0ECB6ACF236E541300F2FFA6 /* MarsRoverEndPoint.swift */ = {isa = PBXFileReference; fileEncoding = 4; lastKnownFileType = sourcecode.swift; path = MarsRoverEndPoint.swift; sourceTree = "<group>"; };
		0ECB6AD1236E541300F2FFA6 /* NetworkROUTER.swift */ = {isa = PBXFileReference; fileEncoding = 4; lastKnownFileType = sourcecode.swift; path = NetworkROUTER.swift; sourceTree = "<group>"; };
		0ECB6AD2236E541300F2FFA6 /* HTTPTask.swift */ = {isa = PBXFileReference; fileEncoding = 4; lastKnownFileType = sourcecode.swift; path = HTTPTask.swift; sourceTree = "<group>"; };
		0ECB6AD3236E541300F2FFA6 /* HTTPMethod.swift */ = {isa = PBXFileReference; fileEncoding = 4; lastKnownFileType = sourcecode.swift; path = HTTPMethod.swift; sourceTree = "<group>"; };
		0ECB6AD4236E541400F2FFA6 /* DataResponseError.swift */ = {isa = PBXFileReference; fileEncoding = 4; lastKnownFileType = sourcecode.swift; path = DataResponseError.swift; sourceTree = "<group>"; };
		0ECB6AD5236E541400F2FFA6 /* Router.swift */ = {isa = PBXFileReference; fileEncoding = 4; lastKnownFileType = sourcecode.swift; path = Router.swift; sourceTree = "<group>"; };
		0ECB6AD6236E541400F2FFA6 /* HTTPUrlResponse.swift */ = {isa = PBXFileReference; fileEncoding = 4; lastKnownFileType = sourcecode.swift; path = HTTPUrlResponse.swift; sourceTree = "<group>"; };
		0ECB6AD7236E541400F2FFA6 /* EndPointType.swift */ = {isa = PBXFileReference; fileEncoding = 4; lastKnownFileType = sourcecode.swift; path = EndPointType.swift; sourceTree = "<group>"; };
		738327ED879B63E67D03053C /* Pods-MarsRoversFloSportsCodingAssnTests.release.xcconfig */ = {isa = PBXFileReference; includeInIndex = 1; lastKnownFileType = text.xcconfig; name = "Pods-MarsRoversFloSportsCodingAssnTests.release.xcconfig"; path = "Target Support Files/Pods-MarsRoversFloSportsCodingAssnTests/Pods-MarsRoversFloSportsCodingAssnTests.release.xcconfig"; sourceTree = "<group>"; };
		AC6B5E1D5A465F411BFFF1F1 /* Pods-MarsRoversFloSportsCodingAssn.release.xcconfig */ = {isa = PBXFileReference; includeInIndex = 1; lastKnownFileType = text.xcconfig; name = "Pods-MarsRoversFloSportsCodingAssn.release.xcconfig"; path = "Target Support Files/Pods-MarsRoversFloSportsCodingAssn/Pods-MarsRoversFloSportsCodingAssn.release.xcconfig"; sourceTree = "<group>"; };
		B6654D3EBF155B337673D763 /* Pods-MarsRoversFloSportsCodingAssnUITests.debug.xcconfig */ = {isa = PBXFileReference; includeInIndex = 1; lastKnownFileType = text.xcconfig; name = "Pods-MarsRoversFloSportsCodingAssnUITests.debug.xcconfig"; path = "Target Support Files/Pods-MarsRoversFloSportsCodingAssnUITests/Pods-MarsRoversFloSportsCodingAssnUITests.debug.xcconfig"; sourceTree = "<group>"; };
		BAC5EA863C40C4B6ECB09E1F /* Pods-MarsRoversFloSportsCodingAssnUITests.release.xcconfig */ = {isa = PBXFileReference; includeInIndex = 1; lastKnownFileType = text.xcconfig; name = "Pods-MarsRoversFloSportsCodingAssnUITests.release.xcconfig"; path = "Target Support Files/Pods-MarsRoversFloSportsCodingAssnUITests/Pods-MarsRoversFloSportsCodingAssnUITests.release.xcconfig"; sourceTree = "<group>"; };
		BFFBC37270BE38E3CA51FC63 /* Pods_MarsRoversFloSportsCodingAssnUITests.framework */ = {isa = PBXFileReference; explicitFileType = wrapper.framework; includeInIndex = 0; path = Pods_MarsRoversFloSportsCodingAssnUITests.framework; sourceTree = BUILT_PRODUCTS_DIR; };
		C2BE1D325526D613F786062E /* Pods-MarsRoversFloSportsCodingAssnTests.debug.xcconfig */ = {isa = PBXFileReference; includeInIndex = 1; lastKnownFileType = text.xcconfig; name = "Pods-MarsRoversFloSportsCodingAssnTests.debug.xcconfig"; path = "Target Support Files/Pods-MarsRoversFloSportsCodingAssnTests/Pods-MarsRoversFloSportsCodingAssnTests.debug.xcconfig"; sourceTree = "<group>"; };
		D0C5BF7CB8E22550F1868BEF /* Pods_MarsRoversFloSportsCodingAssnTests.framework */ = {isa = PBXFileReference; explicitFileType = wrapper.framework; includeInIndex = 0; path = Pods_MarsRoversFloSportsCodingAssnTests.framework; sourceTree = BUILT_PRODUCTS_DIR; };
		EFD0426C5258FDCF9ACEE36B /* Pods-MarsRoversFloSportsCodingAssn.debug.xcconfig */ = {isa = PBXFileReference; includeInIndex = 1; lastKnownFileType = text.xcconfig; name = "Pods-MarsRoversFloSportsCodingAssn.debug.xcconfig"; path = "Target Support Files/Pods-MarsRoversFloSportsCodingAssn/Pods-MarsRoversFloSportsCodingAssn.debug.xcconfig"; sourceTree = "<group>"; };
		FB720998788A11DD1A88A2F8 /* Pods_MarsRoversFloSportsCodingAssn.framework */ = {isa = PBXFileReference; explicitFileType = wrapper.framework; includeInIndex = 0; path = Pods_MarsRoversFloSportsCodingAssn.framework; sourceTree = BUILT_PRODUCTS_DIR; };
/* End PBXFileReference section */

/* Begin PBXFrameworksBuildPhase section */
		0ECB6A2E236A3C9C00F2FFA6 /* Frameworks */ = {
			isa = PBXFrameworksBuildPhase;
			buildActionMask = 2147483647;
			files = (
				6CBC6D4F17334840975477E6 /* Pods_MarsRoversFloSportsCodingAssn.framework in Frameworks */,
			);
			runOnlyForDeploymentPostprocessing = 0;
		};
		0ECB6A42236A3C9F00F2FFA6 /* Frameworks */ = {
			isa = PBXFrameworksBuildPhase;
			buildActionMask = 2147483647;
			files = (
				F0E8673A5B5C04BF58C46102 /* Pods_MarsRoversFloSportsCodingAssnTests.framework in Frameworks */,
			);
			runOnlyForDeploymentPostprocessing = 0;
		};
/* End PBXFrameworksBuildPhase section */

/* Begin PBXGroup section */
		0EC4B142236E7AC6009B91AD /* Helpers */ = {
			isa = PBXGroup;
			children = (
				0EC4B143236E7AEC009B91AD /* Alert.swift */,
			);
			path = Helpers;
			sourceTree = "<group>";
		};
		0EC4B14A236F2526009B91AD /* ViewModel */ = {
			isa = PBXGroup;
			children = (
				0EC4B154236F6567009B91AD /* MarsDetailPhotoViewModel.swift */,
			);
			path = ViewModel;
			sourceTree = "<group>";
		};
		0EC4B14F236F5F66009B91AD /* ImageDownloading */ = {
			isa = PBXGroup;
			children = (
				0EC4B150236F5F77009B91AD /* ImageDownloader.swift */,
			);
			path = ImageDownloading;
			sourceTree = "<group>";
		};
		0EC4B20D2370FF72009B91AD /* Constants */ = {
			isa = PBXGroup;
			children = (
				0EC4B16023707E21009B91AD /* Constants.swift */,
			);
			path = Constants;
			sourceTree = "<group>";
		};
		0ECB6A28236A3C9C00F2FFA6 = {
			isa = PBXGroup;
			children = (
				0ECB6A33236A3C9C00F2FFA6 /* MarsRoversFloSportsCodingAssn */,
				0ECB6A48236A3C9F00F2FFA6 /* MarsRoversFloSportsCodingAssnTests */,
				0ECB6A32236A3C9C00F2FFA6 /* Products */,
				D3464B8D057B2E4965B55172 /* Pods */,
				C9938929D08C4FD0C25CA7A4 /* Frameworks */,
			);
			sourceTree = "<group>";
		};
		0ECB6A32236A3C9C00F2FFA6 /* Products */ = {
			isa = PBXGroup;
			children = (
				0ECB6A31236A3C9C00F2FFA6 /* MarsRoversFloSportsCodingAssn.app */,
				0ECB6A45236A3C9F00F2FFA6 /* MarsRoversFloSportsCodingAssnTests.xctest */,
			);
			name = Products;
			sourceTree = "<group>";
		};
		0ECB6A33236A3C9C00F2FFA6 /* MarsRoversFloSportsCodingAssn */ = {
			isa = PBXGroup;
			children = (
				0ECB6AE4236E578A00F2FFA6 /* Protocols */,
				0ECB6AC7236E541300F2FFA6 /* Networking */,
				0ECB6AE5236E57B900F2FFA6 /* Singletons */,
				0EC4B14A236F2526009B91AD /* ViewModel */,
				0ECB6AE6236E57C600F2FFA6 /* Model */,
				0ECB6AE7236E57CE00F2FFA6 /* View */,
				0ECB6AE8236E57D300F2FFA6 /* ViewController */,
				0ECB6AE9236E57F700F2FFA6 /* Extensions */,
				0EC4B20D2370FF72009B91AD /* Constants */,
				0EC4B142236E7AC6009B91AD /* Helpers */,
				0ECB6AEA236E582700F2FFA6 /* SupportingFiles */,
			);
			path = MarsRoversFloSportsCodingAssn;
			sourceTree = "<group>";
		};
		0ECB6A48236A3C9F00F2FFA6 /* MarsRoversFloSportsCodingAssnTests */ = {
			isa = PBXGroup;
			children = (
				0EC4B2012370F58A009B91AD /* RoverImageDataTests.swift */,
				0EC4B2022370F58A009B91AD /* NetworkTests.swift */,
				0EC4B2032370F58A009B91AD /* MarsDetailPhotoViewModelTests.swift */,
				0EC4B2052370F58A009B91AD /* MarsPhotoCollectionVCTests.swift */,
				0ECB6A4B236A3C9F00F2FFA6 /* Info.plist */,
			);
			path = MarsRoversFloSportsCodingAssnTests;
			sourceTree = "<group>";
		};
		0ECB6AC7236E541300F2FFA6 /* Networking */ = {
			isa = PBXGroup;
			children = (
				0EC4B14F236F5F66009B91AD /* ImageDownloading */,
				0ECB6ACC236E541300F2FFA6 /* Manager */,
				0ECB6AC8236E541300F2FFA6 /* Encoding */,
				0ECB6ACE236E541300F2FFA6 /* EndPoint */,
				0ECB6AD0236E541300F2FFA6 /* Service */,
			);
			path = Networking;
			sourceTree = "<group>";
		};
		0ECB6AC8236E541300F2FFA6 /* Encoding */ = {
			isa = PBXGroup;
			children = (
				0ECB6AC9236E541300F2FFA6 /* ParameterEncoding.swift */,
				0ECB6ACA236E541300F2FFA6 /* URLParameterEncoding.swift */,
				0ECB6ACB236E541300F2FFA6 /* JSONParameterEncoder.swift */,
			);
			path = Encoding;
			sourceTree = "<group>";
		};
		0ECB6ACC236E541300F2FFA6 /* Manager */ = {
			isa = PBXGroup;
			children = (
				0ECB6ACD236E541300F2FFA6 /* NetworkManager.swift */,
			);
			path = Manager;
			sourceTree = "<group>";
		};
		0ECB6ACE236E541300F2FFA6 /* EndPoint */ = {
			isa = PBXGroup;
			children = (
				0ECB6ACF236E541300F2FFA6 /* MarsRoverEndPoint.swift */,
			);
			path = EndPoint;
			sourceTree = "<group>";
		};
		0ECB6AD0236E541300F2FFA6 /* Service */ = {
			isa = PBXGroup;
			children = (
				0ECB6AD1236E541300F2FFA6 /* NetworkROUTER.swift */,
				0ECB6AD2236E541300F2FFA6 /* HTTPTask.swift */,
				0ECB6AD3236E541300F2FFA6 /* HTTPMethod.swift */,
				0EC4B145236E891C009B91AD /* NetworkLogger.swift */,
				0ECB6AD4236E541400F2FFA6 /* DataResponseError.swift */,
				0ECB6AD5236E541400F2FFA6 /* Router.swift */,
				0ECB6AD6236E541400F2FFA6 /* HTTPUrlResponse.swift */,
				0ECB6AD7236E541400F2FFA6 /* EndPointType.swift */,
			);
			path = Service;
			sourceTree = "<group>";
		};
		0ECB6AE4236E578A00F2FFA6 /* Protocols */ = {
			isa = PBXGroup;
			children = (
				0ECB6A6A236A5A4300F2FFA6 /* Reusable.swift */,
			);
			path = Protocols;
			sourceTree = "<group>";
		};
		0ECB6AE5236E57B900F2FFA6 /* Singletons */ = {
			isa = PBXGroup;
			children = (
				0ECB6A34236A3C9C00F2FFA6 /* AppDelegate.swift */,
			);
			path = Singletons;
			sourceTree = "<group>";
		};
		0ECB6AE6236E57C600F2FFA6 /* Model */ = {
			isa = PBXGroup;
			children = (
				0ECB6A64236A43C800F2FFA6 /* RoverImageData.swift */,
				0EC4B156236F8046009B91AD /* Camera.swift */,
				0EC4B158236F804B009B91AD /* Rover.swift */,
			);
			path = Model;
			sourceTree = "<group>";
		};
		0ECB6AE7236E57CE00F2FFA6 /* View */ = {
			isa = PBXGroup;
			children = (
				0ECB6A66236A590D00F2FFA6 /* MarsPhotoCollectionViewCell.swift */,
				0EC4B152236F627D009B91AD /* MarsDetailPhotoView.swift */,
				0EC4B15E2370725C009B91AD /* RoverSearchOptionsView.swift */,
				0EC4B162237083C7009B91AD /* MarsPhotoCollectionView.swift */,
			);
			path = View;
			sourceTree = "<group>";
		};
		0ECB6AE8236E57D300F2FFA6 /* ViewController */ = {
			isa = PBXGroup;
			children = (
				0ECB6A36236A3C9C00F2FFA6 /* MarsPhotoCollectionVC.swift */,
				0EC4B15A236F83FE009B91AD /* RoverSearchOptionsVC.swift */,
				0EC4B14D236F3524009B91AD /* MarsPhotoCollectionDetailVC.swift */,
			);
			path = ViewController;
			sourceTree = "<group>";
		};
		0ECB6AE9236E57F700F2FFA6 /* Extensions */ = {
			isa = PBXGroup;
			children = (
				0ECB6A68236A596500F2FFA6 /* UIView+Extensions.swift */,
				0EC4B15C23707209009B91AD /* UIViewController+Extensions.swift */,
			);
			path = Extensions;
			sourceTree = "<group>";
		};
		0ECB6AEA236E582700F2FFA6 /* SupportingFiles */ = {
			isa = PBXGroup;
			children = (
				0ECB6A38236A3C9C00F2FFA6 /* Main.storyboard */,
				0ECB6A3B236A3C9E00F2FFA6 /* Assets.xcassets */,
				0ECB6A3D236A3C9E00F2FFA6 /* LaunchScreen.storyboard */,
				0ECB6A40236A3C9E00F2FFA6 /* Info.plist */,
			);
			path = SupportingFiles;
			sourceTree = "<group>";
		};
		C9938929D08C4FD0C25CA7A4 /* Frameworks */ = {
			isa = PBXGroup;
			children = (
				FB720998788A11DD1A88A2F8 /* Pods_MarsRoversFloSportsCodingAssn.framework */,
				D0C5BF7CB8E22550F1868BEF /* Pods_MarsRoversFloSportsCodingAssnTests.framework */,
				BFFBC37270BE38E3CA51FC63 /* Pods_MarsRoversFloSportsCodingAssnUITests.framework */,
			);
			name = Frameworks;
			sourceTree = "<group>";
		};
		D3464B8D057B2E4965B55172 /* Pods */ = {
			isa = PBXGroup;
			children = (
				EFD0426C5258FDCF9ACEE36B /* Pods-MarsRoversFloSportsCodingAssn.debug.xcconfig */,
				AC6B5E1D5A465F411BFFF1F1 /* Pods-MarsRoversFloSportsCodingAssn.release.xcconfig */,
				C2BE1D325526D613F786062E /* Pods-MarsRoversFloSportsCodingAssnTests.debug.xcconfig */,
				738327ED879B63E67D03053C /* Pods-MarsRoversFloSportsCodingAssnTests.release.xcconfig */,
				B6654D3EBF155B337673D763 /* Pods-MarsRoversFloSportsCodingAssnUITests.debug.xcconfig */,
				BAC5EA863C40C4B6ECB09E1F /* Pods-MarsRoversFloSportsCodingAssnUITests.release.xcconfig */,
			);
			path = Pods;
			sourceTree = "<group>";
		};
/* End PBXGroup section */

/* Begin PBXNativeTarget section */
		0ECB6A30236A3C9C00F2FFA6 /* MarsRoversFloSportsCodingAssn */ = {
			isa = PBXNativeTarget;
			buildConfigurationList = 0ECB6A59236A3C9F00F2FFA6 /* Build configuration list for PBXNativeTarget "MarsRoversFloSportsCodingAssn" */;
			buildPhases = (
				E632B112CCAD595B3441464D /* [CP] Check Pods Manifest.lock */,
				0ECB6A2D236A3C9C00F2FFA6 /* Sources */,
				0ECB6A2E236A3C9C00F2FFA6 /* Frameworks */,
				0ECB6A2F236A3C9C00F2FFA6 /* Resources */,
				3A7C379BC5E36AD1DC2DDD0C /* [CP] Embed Pods Frameworks */,
			);
			buildRules = (
			);
			dependencies = (
			);
			name = MarsRoversFloSportsCodingAssn;
			productName = MarsRoversFloSportsCodingAssn;
			productReference = 0ECB6A31236A3C9C00F2FFA6 /* MarsRoversFloSportsCodingAssn.app */;
			productType = "com.apple.product-type.application";
		};
		0ECB6A44236A3C9F00F2FFA6 /* MarsRoversFloSportsCodingAssnTests */ = {
			isa = PBXNativeTarget;
			buildConfigurationList = 0ECB6A5C236A3C9F00F2FFA6 /* Build configuration list for PBXNativeTarget "MarsRoversFloSportsCodingAssnTests" */;
			buildPhases = (
				6797397C654302BF0F105498 /* [CP] Check Pods Manifest.lock */,
				0ECB6A41236A3C9F00F2FFA6 /* Sources */,
				0ECB6A42236A3C9F00F2FFA6 /* Frameworks */,
				0ECB6A43236A3C9F00F2FFA6 /* Resources */,
			);
			buildRules = (
			);
			dependencies = (
				0ECB6A47236A3C9F00F2FFA6 /* PBXTargetDependency */,
			);
			name = MarsRoversFloSportsCodingAssnTests;
			productName = MarsRoversFloSportsCodingAssnTests;
			productReference = 0ECB6A45236A3C9F00F2FFA6 /* MarsRoversFloSportsCodingAssnTests.xctest */;
			productType = "com.apple.product-type.bundle.unit-test";
		};
/* End PBXNativeTarget section */

/* Begin PBXProject section */
		0ECB6A29236A3C9C00F2FFA6 /* Project object */ = {
			isa = PBXProject;
			attributes = {
				LastSwiftUpdateCheck = 1030;
				LastUpgradeCheck = 1030;
				ORGANIZATIONNAME = test;
				TargetAttributes = {
					0ECB6A30236A3C9C00F2FFA6 = {
						CreatedOnToolsVersion = 10.3;
					};
					0ECB6A44236A3C9F00F2FFA6 = {
						CreatedOnToolsVersion = 10.3;
						TestTargetID = 0ECB6A30236A3C9C00F2FFA6;
					};
				};
			};
			buildConfigurationList = 0ECB6A2C236A3C9C00F2FFA6 /* Build configuration list for PBXProject "MarsRoversFloSportsCodingAssn" */;
			compatibilityVersion = "Xcode 9.3";
			developmentRegion = en;
			hasScannedForEncodings = 0;
			knownRegions = (
				en,
				Base,
			);
			mainGroup = 0ECB6A28236A3C9C00F2FFA6;
			productRefGroup = 0ECB6A32236A3C9C00F2FFA6 /* Products */;
			projectDirPath = "";
			projectRoot = "";
			targets = (
				0ECB6A30236A3C9C00F2FFA6 /* MarsRoversFloSportsCodingAssn */,
				0ECB6A44236A3C9F00F2FFA6 /* MarsRoversFloSportsCodingAssnTests */,
			);
		};
/* End PBXProject section */

/* Begin PBXResourcesBuildPhase section */
		0ECB6A2F236A3C9C00F2FFA6 /* Resources */ = {
			isa = PBXResourcesBuildPhase;
			buildActionMask = 2147483647;
			files = (
				0ECB6A3F236A3C9E00F2FFA6 /* LaunchScreen.storyboard in Resources */,
				0ECB6A3C236A3C9E00F2FFA6 /* Assets.xcassets in Resources */,
				0ECB6A3A236A3C9C00F2FFA6 /* Main.storyboard in Resources */,
			);
			runOnlyForDeploymentPostprocessing = 0;
		};
		0ECB6A43236A3C9F00F2FFA6 /* Resources */ = {
			isa = PBXResourcesBuildPhase;
			buildActionMask = 2147483647;
			files = (
			);
			runOnlyForDeploymentPostprocessing = 0;
		};
/* End PBXResourcesBuildPhase section */

/* Begin PBXShellScriptBuildPhase section */
		3A7C379BC5E36AD1DC2DDD0C /* [CP] Embed Pods Frameworks */ = {
			isa = PBXShellScriptBuildPhase;
			buildActionMask = 2147483647;
			files = (
			);
			inputFileListPaths = (
				"${PODS_ROOT}/Target Support Files/Pods-MarsRoversFloSportsCodingAssn/Pods-MarsRoversFloSportsCodingAssn-frameworks-${CONFIGURATION}-input-files.xcfilelist",
			);
			name = "[CP] Embed Pods Frameworks";
			outputFileListPaths = (
				"${PODS_ROOT}/Target Support Files/Pods-MarsRoversFloSportsCodingAssn/Pods-MarsRoversFloSportsCodingAssn-frameworks-${CONFIGURATION}-output-files.xcfilelist",
			);
			runOnlyForDeploymentPostprocessing = 0;
			shellPath = /bin/sh;
			shellScript = "\"${PODS_ROOT}/Target Support Files/Pods-MarsRoversFloSportsCodingAssn/Pods-MarsRoversFloSportsCodingAssn-frameworks.sh\"\n";
			showEnvVarsInLog = 0;
		};
		6797397C654302BF0F105498 /* [CP] Check Pods Manifest.lock */ = {
			isa = PBXShellScriptBuildPhase;
			buildActionMask = 2147483647;
			files = (
			);
			inputFileListPaths = (
			);
			inputPaths = (
				"${PODS_PODFILE_DIR_PATH}/Podfile.lock",
				"${PODS_ROOT}/Manifest.lock",
			);
			name = "[CP] Check Pods Manifest.lock";
			outputFileListPaths = (
			);
			outputPaths = (
				"$(DERIVED_FILE_DIR)/Pods-MarsRoversFloSportsCodingAssnTests-checkManifestLockResult.txt",
			);
			runOnlyForDeploymentPostprocessing = 0;
			shellPath = /bin/sh;
			shellScript = "diff \"${PODS_PODFILE_DIR_PATH}/Podfile.lock\" \"${PODS_ROOT}/Manifest.lock\" > /dev/null\nif [ $? != 0 ] ; then\n    # print error to STDERR\n    echo \"error: The sandbox is not in sync with the Podfile.lock. Run 'pod install' or update your CocoaPods installation.\" >&2\n    exit 1\nfi\n# This output is used by Xcode 'outputs' to avoid re-running this script phase.\necho \"SUCCESS\" > \"${SCRIPT_OUTPUT_FILE_0}\"\n";
			showEnvVarsInLog = 0;
		};
		E632B112CCAD595B3441464D /* [CP] Check Pods Manifest.lock */ = {
			isa = PBXShellScriptBuildPhase;
			buildActionMask = 2147483647;
			files = (
			);
			inputFileListPaths = (
			);
			inputPaths = (
				"${PODS_PODFILE_DIR_PATH}/Podfile.lock",
				"${PODS_ROOT}/Manifest.lock",
			);
			name = "[CP] Check Pods Manifest.lock";
			outputFileListPaths = (
			);
			outputPaths = (
				"$(DERIVED_FILE_DIR)/Pods-MarsRoversFloSportsCodingAssn-checkManifestLockResult.txt",
			);
			runOnlyForDeploymentPostprocessing = 0;
			shellPath = /bin/sh;
			shellScript = "diff \"${PODS_PODFILE_DIR_PATH}/Podfile.lock\" \"${PODS_ROOT}/Manifest.lock\" > /dev/null\nif [ $? != 0 ] ; then\n    # print error to STDERR\n    echo \"error: The sandbox is not in sync with the Podfile.lock. Run 'pod install' or update your CocoaPods installation.\" >&2\n    exit 1\nfi\n# This output is used by Xcode 'outputs' to avoid re-running this script phase.\necho \"SUCCESS\" > \"${SCRIPT_OUTPUT_FILE_0}\"\n";
			showEnvVarsInLog = 0;
		};
/* End PBXShellScriptBuildPhase section */

/* Begin PBXSourcesBuildPhase section */
		0ECB6A2D236A3C9C00F2FFA6 /* Sources */ = {
			isa = PBXSourcesBuildPhase;
			buildActionMask = 2147483647;
			files = (
				0EC4B146236E891C009B91AD /* NetworkLogger.swift in Sources */,
				0ECB6ADE236E541400F2FFA6 /* HTTPTask.swift in Sources */,
				0ECB6ADA236E541400F2FFA6 /* JSONParameterEncoder.swift in Sources */,
				0EC4B153236F627D009B91AD /* MarsDetailPhotoView.swift in Sources */,
				0ECB6A69236A596500F2FFA6 /* UIView+Extensions.swift in Sources */,
				0ECB6AE3236E541400F2FFA6 /* EndPointType.swift in Sources */,
				0ECB6A67236A590D00F2FFA6 /* MarsPhotoCollectionViewCell.swift in Sources */,
				0ECB6ADC236E541400F2FFA6 /* MarsRoverEndPoint.swift in Sources */,
				0ECB6AE0236E541400F2FFA6 /* DataResponseError.swift in Sources */,
				0EC4B16123707E21009B91AD /* Constants.swift in Sources */,
				0ECB6AE2236E541400F2FFA6 /* HTTPUrlResponse.swift in Sources */,
				0EC4B157236F8046009B91AD /* Camera.swift in Sources */,
				0ECB6AD8236E541400F2FFA6 /* ParameterEncoding.swift in Sources */,
				0EC4B151236F5F78009B91AD /* ImageDownloader.swift in Sources */,
				0EC4B14E236F3524009B91AD /* MarsPhotoCollectionDetailVC.swift in Sources */,
				0EC4B159236F804B009B91AD /* Rover.swift in Sources */,
				0ECB6ADB236E541400F2FFA6 /* NetworkManager.swift in Sources */,
				0EC4B155236F6567009B91AD /* MarsDetailPhotoViewModel.swift in Sources */,
				0ECB6A37236A3C9C00F2FFA6 /* MarsPhotoCollectionVC.swift in Sources */,
				0ECB6ADF236E541400F2FFA6 /* HTTPMethod.swift in Sources */,
				0ECB6AE1236E541400F2FFA6 /* Router.swift in Sources */,
				0ECB6A35236A3C9C00F2FFA6 /* AppDelegate.swift in Sources */,
				0ECB6A65236A43C800F2FFA6 /* RoverImageData.swift in Sources */,
				0EC4B15F2370725D009B91AD /* RoverSearchOptionsView.swift in Sources */,
				0ECB6AD9236E541400F2FFA6 /* URLParameterEncoding.swift in Sources */,
				0ECB6A6B236A5A4300F2FFA6 /* Reusable.swift in Sources */,
				0EC4B144236E7AEC009B91AD /* Alert.swift in Sources */,
				0EC4B163237083C7009B91AD /* MarsPhotoCollectionView.swift in Sources */,
				0EC4B15B236F83FE009B91AD /* RoverSearchOptionsVC.swift in Sources */,
				0ECB6ADD236E541400F2FFA6 /* NetworkROUTER.swift in Sources */,
				0EC4B15D23707209009B91AD /* UIViewController+Extensions.swift in Sources */,
			);
			runOnlyForDeploymentPostprocessing = 0;
		};
		0ECB6A41236A3C9F00F2FFA6 /* Sources */ = {
			isa = PBXSourcesBuildPhase;
			buildActionMask = 2147483647;
			files = (
				0EC4B2092370F58A009B91AD /* MarsDetailPhotoViewModelTests.swift in Sources */,
				0EC4B2082370F58A009B91AD /* NetworkTests.swift in Sources */,
				0EC4B2072370F58A009B91AD /* RoverImageDataTests.swift in Sources */,
				0EC4B20B2370F58A009B91AD /* MarsPhotoCollectionVCTests.swift in Sources */,
			);
			runOnlyForDeploymentPostprocessing = 0;
		};
/* End PBXSourcesBuildPhase section */

/* Begin PBXTargetDependency section */
		0ECB6A47236A3C9F00F2FFA6 /* PBXTargetDependency */ = {
			isa = PBXTargetDependency;
			target = 0ECB6A30236A3C9C00F2FFA6 /* MarsRoversFloSportsCodingAssn */;
			targetProxy = 0ECB6A46236A3C9F00F2FFA6 /* PBXContainerItemProxy */;
		};
/* End PBXTargetDependency section */

/* Begin PBXVariantGroup section */
		0ECB6A38236A3C9C00F2FFA6 /* Main.storyboard */ = {
			isa = PBXVariantGroup;
			children = (
				0ECB6A39236A3C9C00F2FFA6 /* Base */,
			);
			name = Main.storyboard;
			sourceTree = "<group>";
		};
		0ECB6A3D236A3C9E00F2FFA6 /* LaunchScreen.storyboard */ = {
			isa = PBXVariantGroup;
			children = (
				0ECB6A3E236A3C9E00F2FFA6 /* Base */,
			);
			name = LaunchScreen.storyboard;
			sourceTree = "<group>";
		};
/* End PBXVariantGroup section */

/* Begin XCBuildConfiguration section */
		0ECB6A57236A3C9F00F2FFA6 /* Debug */ = {
			isa = XCBuildConfiguration;
			buildSettings = {
				ALWAYS_SEARCH_USER_PATHS = NO;
				CLANG_ANALYZER_NONNULL = YES;
				CLANG_ANALYZER_NUMBER_OBJECT_CONVERSION = YES_AGGRESSIVE;
				CLANG_CXX_LANGUAGE_STANDARD = "gnu++14";
				CLANG_CXX_LIBRARY = "libc++";
				CLANG_ENABLE_MODULES = YES;
				CLANG_ENABLE_OBJC_ARC = YES;
				CLANG_ENABLE_OBJC_WEAK = YES;
				CLANG_WARN_BLOCK_CAPTURE_AUTORELEASING = YES;
				CLANG_WARN_BOOL_CONVERSION = YES;
				CLANG_WARN_COMMA = YES;
				CLANG_WARN_CONSTANT_CONVERSION = YES;
				CLANG_WARN_DEPRECATED_OBJC_IMPLEMENTATIONS = YES;
				CLANG_WARN_DIRECT_OBJC_ISA_USAGE = YES_ERROR;
				CLANG_WARN_DOCUMENTATION_COMMENTS = YES;
				CLANG_WARN_EMPTY_BODY = YES;
				CLANG_WARN_ENUM_CONVERSION = YES;
				CLANG_WARN_INFINITE_RECURSION = YES;
				CLANG_WARN_INT_CONVERSION = YES;
				CLANG_WARN_NON_LITERAL_NULL_CONVERSION = YES;
				CLANG_WARN_OBJC_IMPLICIT_RETAIN_SELF = YES;
				CLANG_WARN_OBJC_LITERAL_CONVERSION = YES;
				CLANG_WARN_OBJC_ROOT_CLASS = YES_ERROR;
				CLANG_WARN_RANGE_LOOP_ANALYSIS = YES;
				CLANG_WARN_STRICT_PROTOTYPES = YES;
				CLANG_WARN_SUSPICIOUS_MOVE = YES;
				CLANG_WARN_UNGUARDED_AVAILABILITY = YES_AGGRESSIVE;
				CLANG_WARN_UNREACHABLE_CODE = YES;
				CLANG_WARN__DUPLICATE_METHOD_MATCH = YES;
				CODE_SIGN_IDENTITY = "iPhone Developer";
				COPY_PHASE_STRIP = NO;
				DEBUG_INFORMATION_FORMAT = dwarf;
				ENABLE_STRICT_OBJC_MSGSEND = YES;
				ENABLE_TESTABILITY = YES;
				GCC_C_LANGUAGE_STANDARD = gnu11;
				GCC_DYNAMIC_NO_PIC = NO;
				GCC_NO_COMMON_BLOCKS = YES;
				GCC_OPTIMIZATION_LEVEL = 0;
				GCC_PREPROCESSOR_DEFINITIONS = (
					"DEBUG=1",
					"$(inherited)",
				);
				GCC_WARN_64_TO_32_BIT_CONVERSION = YES;
				GCC_WARN_ABOUT_RETURN_TYPE = YES_ERROR;
				GCC_WARN_UNDECLARED_SELECTOR = YES;
				GCC_WARN_UNINITIALIZED_AUTOS = YES_AGGRESSIVE;
				GCC_WARN_UNUSED_FUNCTION = YES;
				GCC_WARN_UNUSED_VARIABLE = YES;
				IPHONEOS_DEPLOYMENT_TARGET = 12.4;
				MTL_ENABLE_DEBUG_INFO = INCLUDE_SOURCE;
				MTL_FAST_MATH = YES;
				ONLY_ACTIVE_ARCH = YES;
				SDKROOT = iphoneos;
				SWIFT_ACTIVE_COMPILATION_CONDITIONS = DEBUG;
				SWIFT_OPTIMIZATION_LEVEL = "-Onone";
			};
			name = Debug;
		};
		0ECB6A58236A3C9F00F2FFA6 /* Release */ = {
			isa = XCBuildConfiguration;
			buildSettings = {
				ALWAYS_SEARCH_USER_PATHS = NO;
				CLANG_ANALYZER_NONNULL = YES;
				CLANG_ANALYZER_NUMBER_OBJECT_CONVERSION = YES_AGGRESSIVE;
				CLANG_CXX_LANGUAGE_STANDARD = "gnu++14";
				CLANG_CXX_LIBRARY = "libc++";
				CLANG_ENABLE_MODULES = YES;
				CLANG_ENABLE_OBJC_ARC = YES;
				CLANG_ENABLE_OBJC_WEAK = YES;
				CLANG_WARN_BLOCK_CAPTURE_AUTORELEASING = YES;
				CLANG_WARN_BOOL_CONVERSION = YES;
				CLANG_WARN_COMMA = YES;
				CLANG_WARN_CONSTANT_CONVERSION = YES;
				CLANG_WARN_DEPRECATED_OBJC_IMPLEMENTATIONS = YES;
				CLANG_WARN_DIRECT_OBJC_ISA_USAGE = YES_ERROR;
				CLANG_WARN_DOCUMENTATION_COMMENTS = YES;
				CLANG_WARN_EMPTY_BODY = YES;
				CLANG_WARN_ENUM_CONVERSION = YES;
				CLANG_WARN_INFINITE_RECURSION = YES;
				CLANG_WARN_INT_CONVERSION = YES;
				CLANG_WARN_NON_LITERAL_NULL_CONVERSION = YES;
				CLANG_WARN_OBJC_IMPLICIT_RETAIN_SELF = YES;
				CLANG_WARN_OBJC_LITERAL_CONVERSION = YES;
				CLANG_WARN_OBJC_ROOT_CLASS = YES_ERROR;
				CLANG_WARN_RANGE_LOOP_ANALYSIS = YES;
				CLANG_WARN_STRICT_PROTOTYPES = YES;
				CLANG_WARN_SUSPICIOUS_MOVE = YES;
				CLANG_WARN_UNGUARDED_AVAILABILITY = YES_AGGRESSIVE;
				CLANG_WARN_UNREACHABLE_CODE = YES;
				CLANG_WARN__DUPLICATE_METHOD_MATCH = YES;
				CODE_SIGN_IDENTITY = "iPhone Developer";
				COPY_PHASE_STRIP = NO;
				DEBUG_INFORMATION_FORMAT = "dwarf-with-dsym";
				ENABLE_NS_ASSERTIONS = NO;
				ENABLE_STRICT_OBJC_MSGSEND = YES;
				GCC_C_LANGUAGE_STANDARD = gnu11;
				GCC_NO_COMMON_BLOCKS = YES;
				GCC_WARN_64_TO_32_BIT_CONVERSION = YES;
				GCC_WARN_ABOUT_RETURN_TYPE = YES_ERROR;
				GCC_WARN_UNDECLARED_SELECTOR = YES;
				GCC_WARN_UNINITIALIZED_AUTOS = YES_AGGRESSIVE;
				GCC_WARN_UNUSED_FUNCTION = YES;
				GCC_WARN_UNUSED_VARIABLE = YES;
				IPHONEOS_DEPLOYMENT_TARGET = 12.4;
				MTL_ENABLE_DEBUG_INFO = NO;
				MTL_FAST_MATH = YES;
				SDKROOT = iphoneos;
				SWIFT_COMPILATION_MODE = wholemodule;
				SWIFT_OPTIMIZATION_LEVEL = "-O";
				VALIDATE_PRODUCT = YES;
			};
			name = Release;
		};
		0ECB6A5A236A3C9F00F2FFA6 /* Debug */ = {
			isa = XCBuildConfiguration;
			baseConfigurationReference = EFD0426C5258FDCF9ACEE36B /* Pods-MarsRoversFloSportsCodingAssn.debug.xcconfig */;
			buildSettings = {
				ASSETCATALOG_COMPILER_APPICON_NAME = AppIcon;
				CODE_SIGN_STYLE = Automatic;
				DEVELOPMENT_TEAM = 28M5MN3JKF;
				INFOPLIST_FILE = MarsRoversFloSportsCodingAssn/SupportingFiles/Info.plist;
				LD_RUNPATH_SEARCH_PATHS = (
					"$(inherited)",
					"@executable_path/Frameworks",
				);
				PRODUCT_BUNDLE_IDENTIFIER = test.MarsRoversFloSportsCodingAssn;
				PRODUCT_NAME = "$(TARGET_NAME)";
				SWIFT_VERSION = 5.0;
				TARGETED_DEVICE_FAMILY = "1,2";
			};
			name = Debug;
		};
		0ECB6A5B236A3C9F00F2FFA6 /* Release */ = {
			isa = XCBuildConfiguration;
			baseConfigurationReference = AC6B5E1D5A465F411BFFF1F1 /* Pods-MarsRoversFloSportsCodingAssn.release.xcconfig */;
			buildSettings = {
				ASSETCATALOG_COMPILER_APPICON_NAME = AppIcon;
				CODE_SIGN_STYLE = Automatic;
				DEVELOPMENT_TEAM = 28M5MN3JKF;
				INFOPLIST_FILE = MarsRoversFloSportsCodingAssn/SupportingFiles/Info.plist;
				LD_RUNPATH_SEARCH_PATHS = (
					"$(inherited)",
					"@executable_path/Frameworks",
				);
				PRODUCT_BUNDLE_IDENTIFIER = test.MarsRoversFloSportsCodingAssn;
				PRODUCT_NAME = "$(TARGET_NAME)";
				SWIFT_VERSION = 5.0;
				TARGETED_DEVICE_FAMILY = "1,2";
			};
			name = Release;
		};
		0ECB6A5D236A3C9F00F2FFA6 /* Debug */ = {
			isa = XCBuildConfiguration;
			baseConfigurationReference = C2BE1D325526D613F786062E /* Pods-MarsRoversFloSportsCodingAssnTests.debug.xcconfig */;
			buildSettings = {
				ALWAYS_EMBED_SWIFT_STANDARD_LIBRARIES = YES;
				BUNDLE_LOADER = "$(TEST_HOST)";
				CODE_SIGN_STYLE = Automatic;
				INFOPLIST_FILE = MarsRoversFloSportsCodingAssnTests/Info.plist;
				LD_RUNPATH_SEARCH_PATHS = (
					"$(inherited)",
					"@executable_path/Frameworks",
					"@loader_path/Frameworks",
				);
				PRODUCT_BUNDLE_IDENTIFIER = test.MarsRoversFloSportsCodingAssnTests;
				PRODUCT_NAME = "$(TARGET_NAME)";
				SWIFT_VERSION = 5.0;
				TARGETED_DEVICE_FAMILY = "1,2";
				TEST_HOST = "$(BUILT_PRODUCTS_DIR)/MarsRoversFloSportsCodingAssn.app/MarsRoversFloSportsCodingAssn";
			};
			name = Debug;
		};
		0ECB6A5E236A3C9F00F2FFA6 /* Release */ = {
			isa = XCBuildConfiguration;
			baseConfigurationReference = 738327ED879B63E67D03053C /* Pods-MarsRoversFloSportsCodingAssnTests.release.xcconfig */;
			buildSettings = {
				ALWAYS_EMBED_SWIFT_STANDARD_LIBRARIES = YES;
				BUNDLE_LOADER = "$(TEST_HOST)";
				CODE_SIGN_STYLE = Automatic;
				INFOPLIST_FILE = MarsRoversFloSportsCodingAssnTests/Info.plist;
				LD_RUNPATH_SEARCH_PATHS = (
					"$(inherited)",
					"@executable_path/Frameworks",
					"@loader_path/Frameworks",
				);
				PRODUCT_BUNDLE_IDENTIFIER = test.MarsRoversFloSportsCodingAssnTests;
				PRODUCT_NAME = "$(TARGET_NAME)";
				SWIFT_VERSION = 5.0;
				TARGETED_DEVICE_FAMILY = "1,2";
				TEST_HOST = "$(BUILT_PRODUCTS_DIR)/MarsRoversFloSportsCodingAssn.app/MarsRoversFloSportsCodingAssn";
			};
			name = Release;
		};
/* End XCBuildConfiguration section */

/* Begin XCConfigurationList section */
		0ECB6A2C236A3C9C00F2FFA6 /* Build configuration list for PBXProject "MarsRoversFloSportsCodingAssn" */ = {
			isa = XCConfigurationList;
			buildConfigurations = (
				0ECB6A57236A3C9F00F2FFA6 /* Debug */,
				0ECB6A58236A3C9F00F2FFA6 /* Release */,
			);
			defaultConfigurationIsVisible = 0;
			defaultConfigurationName = Release;
		};
		0ECB6A59236A3C9F00F2FFA6 /* Build configuration list for PBXNativeTarget "MarsRoversFloSportsCodingAssn" */ = {
			isa = XCConfigurationList;
			buildConfigurations = (
				0ECB6A5A236A3C9F00F2FFA6 /* Debug */,
				0ECB6A5B236A3C9F00F2FFA6 /* Release */,
			);
			defaultConfigurationIsVisible = 0;
			defaultConfigurationName = Release;
		};
		0ECB6A5C236A3C9F00F2FFA6 /* Build configuration list for PBXNativeTarget "MarsRoversFloSportsCodingAssnTests" */ = {
			isa = XCConfigurationList;
			buildConfigurations = (
				0ECB6A5D236A3C9F00F2FFA6 /* Debug */,
				0ECB6A5E236A3C9F00F2FFA6 /* Release */,
			);
			defaultConfigurationIsVisible = 0;
			defaultConfigurationName = Release;
		};
/* End XCConfigurationList section */
	};
	rootObject = 0ECB6A29236A3C9C00F2FFA6 /* Project object */;
}
